{
  "requires": true,
  "lockfileVersion": 1,
  "dependencies": {
    "compress.js": {
      "version": "1.1.2",
      "resolved": "https://registry.npmjs.org/compress.js/-/compress.js-1.1.2.tgz",
      "integrity": "sha512-92bBngXANtmZpyBqO7E5nQMt6TOJtso8FO5fEx85WeF2t/CDAxs8K+KSu8EuLGMZWWMOdxvFf/bsXG7rOPmAyw=="
    },
    "react-image-file-resizer": {
      "version": "0.3.8",
      "resolved": "https://registry.npmjs.org/react-image-file-resizer/-/react-image-file-resizer-0.3.8.tgz",
      "integrity": "sha512-54gA46Dmj2tSWuSGa0Gp6DBlur+MAnGh8q8eo/7hvh2bqoHmLo4mweJ4s0TUgANKllFAPD/5oLPK87M2AoOYTQ=="
    }
  }
}
